
Microsoft Visual Studio Solution File, Format Version 12.00
# Visual Studio 15
VisualStudioVersion = 15.0.28010.2048
MinimumVisualStudioVersion = 10.0.40219.1
Project("{FAE04EC0-301F-11D3-BF4B-00C04F79EFBC}") = "AlgoVis", "AlgoVis.csproj", "{F4E43FE5-9479-41C6-9155-C135D847EA68}"
EndProject
Global
	GlobalSection(SolutionConfigurationPlatforms) = preSolution
		Debug|Any CPU = Debug|Any CPU
		Release|Any CPU = Release|Any CPU
	EndGlobalSection
	GlobalSection(ProjectConfigurationPlatforms) = postSolution
		{F4E43FE5-9479-41C6-9155-C135D847EA68}.Debug|Any CPU.ActiveCfg = Debug|Any CPU
		{F4E43FE5-9479-41C6-9155-C135D847EA68}.Debug|Any CPU.Build.0 = Debug|Any CPU
		{F4E43FE5-9479-41C6-9155-C135D847EA68}.Release|Any CPU.ActiveCfg = Release|Any CPU
		{F4E43FE5-9479-41C6-9155-C135D847EA68}.Release|Any CPU.Build.0 = Release|Any CPU
	EndGlobalSection
	GlobalSection(SolutionProperties) = preSolution
		HideSolutionNode = FALSE
	EndGlobalSection
	GlobalSection(ExtensibilityGlobals) = postSolution
		SolutionGuid = {A352F526-D788-40A1-88DD-18F598A9D21A}
	EndGlobalSection
EndGlobal
